{
  "name": "@wowblvck/i18n-ai-translator",
  "version": "1.0.6",
  "lockfileVersion": 3,
  "requires": true,
  "packages": {
    "": {
      "name": "@wowblvck/i18n-ai-translator",
      "version": "1.0.6",
      "cpu": [
        "x64",
        "arm64"
      ],
      "hasInstallScript": true,
      "license": "MIT",
      "os": [
        "darwin",
        "linux",
        "win32"
      ],
      "bin": {
        "i18n-translate": "bin/run.js"
      },
      "engines": {
        "node": ">=16.0.0"
      }
    }
  }
}
